
Microsoft Visual Studio Solution File, Format Version 12.00
# Visual Studio Version 17
VisualStudioVersion = 17.13.35919.96
MinimumVisualStudioVersion = 10.0.40219.1
Project("{FAE04EC0-301F-11D3-BF4B-00C04F79EFBC}") = "TaskManager", "TaskManager.csproj", "{B5D63591-81DA-4BCC-923B-07F8070B8AC1}"
EndProject
Global
	GlobalSection(SolutionConfigurationPlatforms) = preSolution
		Debug|Any CPU = Debug|Any CPU
		Release|Any CPU = Release|Any CPU
	EndGlobalSection
	GlobalSection(ProjectConfigurationPlatforms) = postSolution
		{B5D63591-81DA-4BCC-923B-07F8070B8AC1}.Debug|Any CPU.ActiveCfg = Debug|Any CPU
		{B5D63591-81DA-4BCC-923B-07F8070B8AC1}.Debug|Any CPU.Build.0 = Debug|Any CPU
		{B5D63591-81DA-4BCC-923B-07F8070B8AC1}.Release|Any CPU.ActiveCfg = Release|Any CPU
		{B5D63591-81DA-4BCC-923B-07F8070B8AC1}.Release|Any CPU.Build.0 = Release|Any CPU
	EndGlobalSection
	GlobalSection(SolutionProperties) = preSolution
		HideSolutionNode = FALSE
	EndGlobalSection
	GlobalSection(ExtensibilityGlobals) = postSolution
		SolutionGuid = {74723586-277F-458A-9AE1-1DC0498DD840}
	EndGlobalSection
EndGlobal
